
Microsoft Visual Studio Solution File, Format Version 12.00
# Visual Studio 2012
Project("{8BC9CEB8-8B4A-11D0-8D11-00A0C91BC942}") = "lobster", "lobster.vcxproj", "{EB07932C-0AC4-4962-B691-713B05E36832}"
	ProjectSection(ProjectDependencies) = postProject
		{98400D17-43A5-1A40-95BE-C53AC78E7694} = {98400D17-43A5-1A40-95BE-C53AC78E7694}
	EndProjectSection
EndProject
Project("{8BC9CEB8-8B4A-11D0-8D11-00A0C91BC942}") = "Box2D", "..\box2d\Box2D\Build\vs2010\Box2D.vcxproj", "{98400D17-43A5-1A40-95BE-C53AC78E7694}"
EndProject
Project("{8BC9CEB8-8B4A-11D0-8D11-00A0C91BC942}") = "BulletCollision", "..\bullet-2.82-r2704\build\vs2012\BulletCollision.vcxproj", "{1532557E-0164-9548-BC62-E9AFBE49EBFB}"
EndProject
Project("{8BC9CEB8-8B4A-11D0-8D11-00A0C91BC942}") = "BulletDynamics", "..\bullet-2.82-r2704\build\vs2012\BulletDynamics.vcxproj", "{B1645498-0E49-124E-9F9C-E9FF99679039}"
EndProject
Project("{8BC9CEB8-8B4A-11D0-8D11-00A0C91BC942}") = "BulletFileLoader", "..\bullet-2.82-r2704\build\vs2012\BulletFileLoader.vcxproj", "{F98509FD-F7D0-3944-9BBD-BE8A28BF7AA3}"
EndProject
Project("{2150E333-8FDC-42A3-9474-1A3956D46DE8}") = "Solution Items", "Solution Items", "{B763F1EB-6334-4022-A9BE-8516FF3B6749}"
EndProject
Project("{8BC9CEB8-8B4A-11D0-8D11-00A0C91BC942}") = "HACD", "..\bullet-2.82-r2704\build\vs2012\HACD.vcxproj", "{E57C0284-1114-0A49-B477-DA23B9043B3B}"
EndProject
Project("{8BC9CEB8-8B4A-11D0-8D11-00A0C91BC942}") = "ConvexDecomposition", "..\bullet-2.82-r2704\build\vs2012\ConvexDecomposition.vcxproj", "{3DAE74EE-313F-3049-9A21-DEDF9EE3C414}"
EndProject
Project("{8BC9CEB8-8B4A-11D0-8D11-00A0C91BC942}") = "BulletWorldImporter", "..\bullet-2.82-r2704\build\vs2012\BulletWorldImporter.vcxproj", "{7D631792-51AD-FC4A-988F-ADC17C1CED3C}"
EndProject
Project("{8BC9CEB8-8B4A-11D0-8D11-00A0C91BC942}") = "BulletXmlWorldImporter", "..\bullet-2.82-r2704\build\vs2012\BulletXmlWorldImporter.vcxproj", "{0043029A-28D9-9C49-823E-4F3AD92232C4}"
EndProject
Project("{8BC9CEB8-8B4A-11D0-8D11-00A0C91BC942}") = "LinearMath", "..\bullet-2.82-r2704\build\vs2012\LinearMath.vcxproj", "{152F8BCD-4BB5-4449-B7BB-1BBCFBA7340D}"
EndProject
Project("{8BC9CEB8-8B4A-11D0-8D11-00A0C91BC942}") = "BulletSoftBody", "..\bullet-2.82-r2704\build\vs2012\BulletSoftBody.vcxproj", "{957BDD0C-AC59-6149-94F0-5040F6A87CDA}"
EndProject
Global
	GlobalSection(SolutionConfigurationPlatforms) = preSolution
		Debug|Mixed Platforms = Debug|Mixed Platforms
		Debug|Win32 = Debug|Win32
		Debug|x64 = Debug|x64
		Debug|x86 = Debug|x86
		Release|Mixed Platforms = Release|Mixed Platforms
		Release|Win32 = Release|Win32
		Release|x64 = Release|x64
		Release|x86 = Release|x86
	EndGlobalSection
	GlobalSection(ProjectConfigurationPlatforms) = postSolution
		{EB07932C-0AC4-4962-B691-713B05E36832}.Debug|Mixed Platforms.ActiveCfg = Debug|Win32
		{EB07932C-0AC4-4962-B691-713B05E36832}.Debug|Mixed Platforms.Build.0 = Debug|Win32
		{EB07932C-0AC4-4962-B691-713B05E36832}.Debug|Win32.ActiveCfg = Debug|Win32
		{EB07932C-0AC4-4962-B691-713B05E36832}.Debug|Win32.Build.0 = Debug|Win32
		{EB07932C-0AC4-4962-B691-713B05E36832}.Debug|x64.ActiveCfg = Debug|x64
		{EB07932C-0AC4-4962-B691-713B05E36832}.Debug|x64.Build.0 = Debug|x64
		{EB07932C-0AC4-4962-B691-713B05E36832}.Debug|x86.ActiveCfg = Debug|Win32
		{EB07932C-0AC4-4962-B691-713B05E36832}.Debug|x86.Build.0 = Debug|Win32
		{EB07932C-0AC4-4962-B691-713B05E36832}.Release|Mixed Platforms.ActiveCfg = Release|Win32
		{EB07932C-0AC4-4962-B691-713B05E36832}.Release|Mixed Platforms.Build.0 = Release|Win32
		{EB07932C-0AC4-4962-B691-713B05E36832}.Release|Win32.ActiveCfg = Release|Win32
		{EB07932C-0AC4-4962-B691-713B05E36832}.Release|Win32.Build.0 = Release|Win32
		{EB07932C-0AC4-4962-B691-713B05E36832}.Release|x64.ActiveCfg = Release|x64
		{EB07932C-0AC4-4962-B691-713B05E36832}.Release|x64.Build.0 = Release|x64
		{EB07932C-0AC4-4962-B691-713B05E36832}.Release|x86.ActiveCfg = Release|Win32
		{EB07932C-0AC4-4962-B691-713B05E36832}.Release|x86.Build.0 = Release|Win32
		{98400D17-43A5-1A40-95BE-C53AC78E7694}.Debug|Mixed Platforms.ActiveCfg = Debug|Win32
		{98400D17-43A5-1A40-95BE-C53AC78E7694}.Debug|Mixed Platforms.Build.0 = Debug|Win32
		{98400D17-43A5-1A40-95BE-C53AC78E7694}.Debug|Win32.ActiveCfg = Debug|Win32
		{98400D17-43A5-1A40-95BE-C53AC78E7694}.Debug|Win32.Build.0 = Debug|Win32
		{98400D17-43A5-1A40-95BE-C53AC78E7694}.Debug|x64.ActiveCfg = Debug|x64
		{98400D17-43A5-1A40-95BE-C53AC78E7694}.Debug|x64.Build.0 = Debug|x64
		{98400D17-43A5-1A40-95BE-C53AC78E7694}.Debug|x86.ActiveCfg = Debug|Win32
		{98400D17-43A5-1A40-95BE-C53AC78E7694}.Debug|x86.Build.0 = Debug|Win32
		{98400D17-43A5-1A40-95BE-C53AC78E7694}.Release|Mixed Platforms.ActiveCfg = Release|Win32
		{98400D17-43A5-1A40-95BE-C53AC78E7694}.Release|Mixed Platforms.Build.0 = Release|Win32
		{98400D17-43A5-1A40-95BE-C53AC78E7694}.Release|Win32.ActiveCfg = Release|Win32
		{98400D17-43A5-1A40-95BE-C53AC78E7694}.Release|Win32.Build.0 = Release|Win32
		{98400D17-43A5-1A40-95BE-C53AC78E7694}.Release|x64.ActiveCfg = Release|x64
		{98400D17-43A5-1A40-95BE-C53AC78E7694}.Release|x64.Build.0 = Release|x64
		{98400D17-43A5-1A40-95BE-C53AC78E7694}.Release|x86.ActiveCfg = Release|Win32
		{98400D17-43A5-1A40-95BE-C53AC78E7694}.Release|x86.Build.0 = Release|Win32
		{1532557E-0164-9548-BC62-E9AFBE49EBFB}.Debug|Mixed Platforms.ActiveCfg = Debug|Win32
		{1532557E-0164-9548-BC62-E9AFBE49EBFB}.Debug|Mixed Platforms.Build.0 = Debug|Win32
		{1532557E-0164-9548-BC62-E9AFBE49EBFB}.Debug|Win32.ActiveCfg = Debug|Win32
		{1532557E-0164-9548-BC62-E9AFBE49EBFB}.Debug|Win32.Build.0 = Debug|Win32
		{1532557E-0164-9548-BC62-E9AFBE49EBFB}.Debug|x64.ActiveCfg = Debug|x64
		{1532557E-0164-9548-BC62-E9AFBE49EBFB}.Debug|x64.Build.0 = Debug|x64
		{1532557E-0164-9548-BC62-E9AFBE49EBFB}.Debug|x86.ActiveCfg = Debug|Win32
		{1532557E-0164-9548-BC62-E9AFBE49EBFB}.Debug|x86.Build.0 = Debug|Win32
		{1532557E-0164-9548-BC62-E9AFBE49EBFB}.Release|Mixed Platforms.ActiveCfg = Release|Win32
		{1532557E-0164-9548-BC62-E9AFBE49EBFB}.Release|Mixed Platforms.Build.0 = Release|Win32
		{1532557E-0164-9548-BC62-E9AFBE49EBFB}.Release|Win32.ActiveCfg = Release|Win32
		{1532557E-0164-9548-BC62-E9AFBE49EBFB}.Release|Win32.Build.0 = Release|Win32
		{1532557E-0164-9548-BC62-E9AFBE49EBFB}.Release|x64.ActiveCfg = Release|x64
		{1532557E-0164-9548-BC62-E9AFBE49EBFB}.Release|x64.Build.0 = Release|x64
		{1532557E-0164-9548-BC62-E9AFBE49EBFB}.Release|x86.ActiveCfg = Release|Win32
		{1532557E-0164-9548-BC62-E9AFBE49EBFB}.Release|x86.Build.0 = Release|Win32
		{B1645498-0E49-124E-9F9C-E9FF99679039}.Debug|Mixed Platforms.ActiveCfg = Debug|Win32
		{B1645498-0E49-124E-9F9C-E9FF99679039}.Debug|Mixed Platforms.Build.0 = Debug|Win32
		{B1645498-0E49-124E-9F9C-E9FF99679039}.Debug|Win32.ActiveCfg = Debug|Win32
		{B1645498-0E49-124E-9F9C-E9FF99679039}.Debug|Win32.Build.0 = Debug|Win32
		{B1645498-0E49-124E-9F9C-E9FF99679039}.Debug|x64.ActiveCfg = Debug|x64
		{B1645498-0E49-124E-9F9C-E9FF99679039}.Debug|x64.Build.0 = Debug|x64
		{B1645498-0E49-124E-9F9C-E9FF99679039}.Debug|x86.ActiveCfg = Debug|Win32
		{B1645498-0E49-124E-9F9C-E9FF99679039}.Debug|x86.Build.0 = Debug|Win32
		{B1645498-0E49-124E-9F9C-E9FF99679039}.Release|Mixed Platforms.ActiveCfg = Release|Win32
		{B1645498-0E49-124E-9F9C-E9FF99679039}.Release|Mixed Platforms.Build.0 = Release|Win32
		{B1645498-0E49-124E-9F9C-E9FF99679039}.Release|Win32.ActiveCfg = Release|Win32
		{B1645498-0E49-124E-9F9C-E9FF99679039}.Release|Win32.Build.0 = Release|Win32
		{B1645498-0E49-124E-9F9C-E9FF99679039}.Release|x64.ActiveCfg = Release|x64
		{B1645498-0E49-124E-9F9C-E9FF99679039}.Release|x64.Build.0 = Release|x64
		{B1645498-0E49-124E-9F9C-E9FF99679039}.Release|x86.ActiveCfg = Release|Win32
		{B1645498-0E49-124E-9F9C-E9FF99679039}.Release|x86.Build.0 = Release|Win32
		{F98509FD-F7D0-3944-9BBD-BE8A28BF7AA3}.Debug|Mixed Platforms.ActiveCfg = Debug|Win32
		{F98509FD-F7D0-3944-9BBD-BE8A28BF7AA3}.Debug|Mixed Platforms.Build.0 = Debug|Win32
		{F98509FD-F7D0-3944-9BBD-BE8A28BF7AA3}.Debug|Win32.ActiveCfg = Debug|Win32
		{F98509FD-F7D0-3944-9BBD-BE8A28BF7AA3}.Debug|Win32.Build.0 = Debug|Win32
		{F98509FD-F7D0-3944-9BBD-BE8A28BF7AA3}.Debug|x64.ActiveCfg = Debug|x64
		{F98509FD-F7D0-3944-9BBD-BE8A28BF7AA3}.Debug|x64.Build.0 = Debug|x64
		{F98509FD-F7D0-3944-9BBD-BE8A28BF7AA3}.Debug|x86.ActiveCfg = Debug|Win32
		{F98509FD-F7D0-3944-9BBD-BE8A28BF7AA3}.Debug|x86.Build.0 = Debug|Win32
		{F98509FD-F7D0-3944-9BBD-BE8A28BF7AA3}.Release|Mixed Platforms.ActiveCfg = Release|Win32
		{F98509FD-F7D0-3944-9BBD-BE8A28BF7AA3}.Release|Mixed Platforms.Build.0 = Release|Win32
		{F98509FD-F7D0-3944-9BBD-BE8A28BF7AA3}.Release|Win32.ActiveCfg = Release|Win32
		{F98509FD-F7D0-3944-9BBD-BE8A28BF7AA3}.Release|Win32.Build.0 = Release|Win32
		{F98509FD-F7D0-3944-9BBD-BE8A28BF7AA3}.Release|x64.ActiveCfg = Release|x64
		{F98509FD-F7D0-3944-9BBD-BE8A28BF7AA3}.Release|x64.Build.0 = Release|x64
		{F98509FD-F7D0-3944-9BBD-BE8A28BF7AA3}.Release|x86.ActiveCfg = Release|Win32
		{F98509FD-F7D0-3944-9BBD-BE8A28BF7AA3}.Release|x86.Build.0 = Release|Win32
		{E57C0284-1114-0A49-B477-DA23B9043B3B}.Debug|Mixed Platforms.ActiveCfg = Debug|Win32
		{E57C0284-1114-0A49-B477-DA23B9043B3B}.Debug|Mixed Platforms.Build.0 = Debug|Win32
		{E57C0284-1114-0A49-B477-DA23B9043B3B}.Debug|Win32.ActiveCfg = Debug|Win32
		{E57C0284-1114-0A49-B477-DA23B9043B3B}.Debug|Win32.Build.0 = Debug|Win32
		{E57C0284-1114-0A49-B477-DA23B9043B3B}.Debug|x64.ActiveCfg = Debug|x64
		{E57C0284-1114-0A49-B477-DA23B9043B3B}.Debug|x64.Build.0 = Debug|x64
		{E57C0284-1114-0A49-B477-DA23B9043B3B}.Debug|x86.ActiveCfg = Debug|Win32
		{E57C0284-1114-0A49-B477-DA23B9043B3B}.Debug|x86.Build.0 = Debug|Win32
		{E57C0284-1114-0A49-B477-DA23B9043B3B}.Release|Mixed Platforms.ActiveCfg = Release|Win32
		{E57C0284-1114-0A49-B477-DA23B9043B3B}.Release|Mixed Platforms.Build.0 = Release|Win32
		{E57C0284-1114-0A49-B477-DA23B9043B3B}.Release|Win32.ActiveCfg = Release|Win32
		{E57C0284-1114-0A49-B477-DA23B9043B3B}.Release|Win32.Build.0 = Release|Win32
		{E57C0284-1114-0A49-B477-DA23B9043B3B}.Release|x64.ActiveCfg = Release|x64
		{E57C0284-1114-0A49-B477-DA23B9043B3B}.Release|x64.Build.0 = Release|x64
		{E57C0284-1114-0A49-B477-DA23B9043B3B}.Release|x86.ActiveCfg = Release|Win32
		{E57C0284-1114-0A49-B477-DA23B9043B3B}.Release|x86.Build.0 = Release|Win32
		{3DAE74EE-313F-3049-9A21-DEDF9EE3C414}.Debug|Mixed Platforms.ActiveCfg = Debug|Win32
		{3DAE74EE-313F-3049-9A21-DEDF9EE3C414}.Debug|Mixed Platforms.Build.0 = Debug|Win32
		{3DAE74EE-313F-3049-9A21-DEDF9EE3C414}.Debug|Win32.ActiveCfg = Debug|Win32
		{3DAE74EE-313F-3049-9A21-DEDF9EE3C414}.Debug|Win32.Build.0 = Debug|Win32
		{3DAE74EE-313F-3049-9A21-DEDF9EE3C414}.Debug|x64.ActiveCfg = Debug|x64
		{3DAE74EE-313F-3049-9A21-DEDF9EE3C414}.Debug|x64.Build.0 = Debug|x64
		{3DAE74EE-313F-3049-9A21-DEDF9EE3C414}.Debug|x86.ActiveCfg = Debug|Win32
		{3DAE74EE-313F-3049-9A21-DEDF9EE3C414}.Debug|x86.Build.0 = Debug|Win32
		{3DAE74EE-313F-3049-9A21-DEDF9EE3C414}.Release|Mixed Platforms.ActiveCfg = Release|Win32
		{3DAE74EE-313F-3049-9A21-DEDF9EE3C414}.Release|Mixed Platforms.Build.0 = Release|Win32
		{3DAE74EE-313F-3049-9A21-DEDF9EE3C414}.Release|Win32.ActiveCfg = Release|Win32
		{3DAE74EE-313F-3049-9A21-DEDF9EE3C414}.Release|Win32.Build.0 = Release|Win32
		{3DAE74EE-313F-3049-9A21-DEDF9EE3C414}.Release|x64.ActiveCfg = Release|x64
		{3DAE74EE-313F-3049-9A21-DEDF9EE3C414}.Release|x64.Build.0 = Release|x64
		{3DAE74EE-313F-3049-9A21-DEDF9EE3C414}.Release|x86.ActiveCfg = Release|Win32
		{3DAE74EE-313F-3049-9A21-DEDF9EE3C414}.Release|x86.Build.0 = Release|Win32
		{7D631792-51AD-FC4A-988F-ADC17C1CED3C}.Debug|Mixed Platforms.ActiveCfg = Debug|Win32
		{7D631792-51AD-FC4A-988F-ADC17C1CED3C}.Debug|Mixed Platforms.Build.0 = Debug|Win32
		{7D631792-51AD-FC4A-988F-ADC17C1CED3C}.Debug|Win32.ActiveCfg = Debug|Win32
		{7D631792-51AD-FC4A-988F-ADC17C1CED3C}.Debug|Win32.Build.0 = Debug|Win32
		{7D631792-51AD-FC4A-988F-ADC17C1CED3C}.Debug|x64.ActiveCfg = Debug|x64
		{7D631792-51AD-FC4A-988F-ADC17C1CED3C}.Debug|x64.Build.0 = Debug|x64
		{7D631792-51AD-FC4A-988F-ADC17C1CED3C}.Debug|x86.ActiveCfg = Debug|Win32
		{7D631792-51AD-FC4A-988F-ADC17C1CED3C}.Debug|x86.Build.0 = Debug|Win32
		{7D631792-51AD-FC4A-988F-ADC17C1CED3C}.Release|Mixed Platforms.ActiveCfg = Release|Win32
		{7D631792-51AD-FC4A-988F-ADC17C1CED3C}.Release|Mixed Platforms.Build.0 = Release|Win32
		{7D631792-51AD-FC4A-988F-ADC17C1CED3C}.Release|Win32.ActiveCfg = Release|Win32
		{7D631792-51AD-FC4A-988F-ADC17C1CED3C}.Release|Win32.Build.0 = Release|Win32
		{7D631792-51AD-FC4A-988F-ADC17C1CED3C}.Release|x64.ActiveCfg = Release|x64
		{7D631792-51AD-FC4A-988F-ADC17C1CED3C}.Release|x64.Build.0 = Release|x64
		{7D631792-51AD-FC4A-988F-ADC17C1CED3C}.Release|x86.ActiveCfg = Release|Win32
		{7D631792-51AD-FC4A-988F-ADC17C1CED3C}.Release|x86.Build.0 = Release|Win32
		{0043029A-28D9-9C49-823E-4F3AD92232C4}.Debug|Mixed Platforms.ActiveCfg = Debug|Win32
		{0043029A-28D9-9C49-823E-4F3AD92232C4}.Debug|Mixed Platforms.Build.0 = Debug|Win32
		{0043029A-28D9-9C49-823E-4F3AD92232C4}.Debug|Win32.ActiveCfg = Debug|Win32
		{0043029A-28D9-9C49-823E-4F3AD92232C4}.Debug|Win32.Build.0 = Debug|Win32
		{0043029A-28D9-9C49-823E-4F3AD92232C4}.Debug|x64.ActiveCfg = Debug|x64
		{0043029A-28D9-9C49-823E-4F3AD92232C4}.Debug|x64.Build.0 = Debug|x64
		{0043029A-28D9-9C49-823E-4F3AD92232C4}.Debug|x86.ActiveCfg = Debug|Win32
		{0043029A-28D9-9C49-823E-4F3AD92232C4}.Debug|x86.Build.0 = Debug|Win32
		{0043029A-28D9-9C49-823E-4F3AD92232C4}.Release|Mixed Platforms.ActiveCfg = Release|Win32
		{0043029A-28D9-9C49-823E-4F3AD92232C4}.Release|Mixed Platforms.Build.0 = Release|Win32
		{0043029A-28D9-9C49-823E-4F3AD92232C4}.Release|Win32.ActiveCfg = Release|Win32
		{0043029A-28D9-9C49-823E-4F3AD92232C4}.Release|Win32.Build.0 = Release|Win32
		{0043029A-28D9-9C49-823E-4F3AD92232C4}.Release|x64.ActiveCfg = Release|x64
		{0043029A-28D9-9C49-823E-4F3AD92232C4}.Release|x64.Build.0 = Release|x64
		{0043029A-28D9-9C49-823E-4F3AD92232C4}.Release|x86.ActiveCfg = Release|Win32
		{0043029A-28D9-9C49-823E-4F3AD92232C4}.Release|x86.Build.0 = Release|Win32
		{152F8BCD-4BB5-4449-B7BB-1BBCFBA7340D}.Debug|Mixed Platforms.ActiveCfg = Debug|Win32
		{152F8BCD-4BB5-4449-B7BB-1BBCFBA7340D}.Debug|Mixed Platforms.Build.0 = Debug|Win32
		{152F8BCD-4BB5-4449-B7BB-1BBCFBA7340D}.Debug|Win32.ActiveCfg = Debug|Win32
		{152F8BCD-4BB5-4449-B7BB-1BBCFBA7340D}.Debug|Win32.Build.0 = Debug|Win32
		{152F8BCD-4BB5-4449-B7BB-1BBCFBA7340D}.Debug|x64.ActiveCfg = Debug|x64
		{152F8BCD-4BB5-4449-B7BB-1BBCFBA7340D}.Debug|x64.Build.0 = Debug|x64
		{152F8BCD-4BB5-4449-B7BB-1BBCFBA7340D}.Debug|x86.ActiveCfg = Debug|Win32
		{152F8BCD-4BB5-4449-B7BB-1BBCFBA7340D}.Debug|x86.Build.0 = Debug|Win32
		{152F8BCD-4BB5-4449-B7BB-1BBCFBA7340D}.Release|Mixed Platforms.ActiveCfg = Release|Win32
		{152F8BCD-4BB5-4449-B7BB-1BBCFBA7340D}.Release|Mixed Platforms.Build.0 = Release|Win32
		{152F8BCD-4BB5-4449-B7BB-1BBCFBA7340D}.Release|Win32.ActiveCfg = Release|Win32
		{152F8BCD-4BB5-4449-B7BB-1BBCFBA7340D}.Release|Win32.Build.0 = Release|Win32
		{152F8BCD-4BB5-4449-B7BB-1BBCFBA7340D}.Release|x64.ActiveCfg = Release|x64
		{152F8BCD-4BB5-4449-B7BB-1BBCFBA7340D}.Release|x64.Build.0 = Release|x64
		{152F8BCD-4BB5-4449-B7BB-1BBCFBA7340D}.Release|x86.ActiveCfg = Release|Win32
		{152F8BCD-4BB5-4449-B7BB-1BBCFBA7340D}.Release|x86.Build.0 = Release|Win32
		{957BDD0C-AC59-6149-94F0-5040F6A87CDA}.Debug|Mixed Platforms.ActiveCfg = Debug|Win32
		{957BDD0C-AC59-6149-94F0-5040F6A87CDA}.Debug|Mixed Platforms.Build.0 = Debug|Win32
		{957BDD0C-AC59-6149-94F0-5040F6A87CDA}.Debug|Win32.ActiveCfg = Debug|Win32
		{957BDD0C-AC59-6149-94F0-5040F6A87CDA}.Debug|Win32.Build.0 = Debug|Win32
		{957BDD0C-AC59-6149-94F0-5040F6A87CDA}.Debug|x64.ActiveCfg = Debug|x64
		{957BDD0C-AC59-6149-94F0-5040F6A87CDA}.Debug|x64.Build.0 = Debug|x64
		{957BDD0C-AC59-6149-94F0-5040F6A87CDA}.Debug|x86.ActiveCfg = Debug|Win32
		{957BDD0C-AC59-6149-94F0-5040F6A87CDA}.Debug|x86.Build.0 = Debug|Win32
		{957BDD0C-AC59-6149-94F0-5040F6A87CDA}.Release|Mixed Platforms.ActiveCfg = Release|Win32
		{957BDD0C-AC59-6149-94F0-5040F6A87CDA}.Release|Mixed Platforms.Build.0 = Release|Win32
		{957BDD0C-AC59-6149-94F0-5040F6A87CDA}.Release|Win32.ActiveCfg = Release|Win32
		{957BDD0C-AC59-6149-94F0-5040F6A87CDA}.Release|Win32.Build.0 = Release|Win32
		{957BDD0C-AC59-6149-94F0-5040F6A87CDA}.Release|x64.ActiveCfg = Release|x64
		{957BDD0C-AC59-6149-94F0-5040F6A87CDA}.Release|x64.Build.0 = Release|x64
		{957BDD0C-AC59-6149-94F0-5040F6A87CDA}.Release|x86.ActiveCfg = Release|Win32
		{957BDD0C-AC59-6149-94F0-5040F6A87CDA}.Release|x86.Build.0 = Release|Win32
	EndGlobalSection
	GlobalSection(SolutionProperties) = preSolution
		HideSolutionNode = FALSE
	EndGlobalSection
EndGlobal
